
Microsoft Visual Studio Solution File, Format Version 12.00
# Visual Studio 15
VisualStudioVersion = 15.0.27703.2026
MinimumVisualStudioVersion = 10.0.40219.1
Project("{FAE04EC0-301F-11D3-BF4B-00C04F79EFBC}") = "FindingRulesVersionsDates", "FindingRulesVersionsDates\FindingRulesVersionsDates.csproj", "{0A18E1D7-F78B-400A-A0D4-6142AF839E53}"
EndProject
Global
	GlobalSection(SolutionConfigurationPlatforms) = preSolution
		Debug|Any CPU = Debug|Any CPU
		Release|Any CPU = Release|Any CPU
	EndGlobalSection
	GlobalSection(ProjectConfigurationPlatforms) = postSolution
		{0A18E1D7-F78B-400A-A0D4-6142AF839E53}.Debug|Any CPU.ActiveCfg = Debug|Any CPU
		{0A18E1D7-F78B-400A-A0D4-6142AF839E53}.Debug|Any CPU.Build.0 = Debug|Any CPU
		{0A18E1D7-F78B-400A-A0D4-6142AF839E53}.Release|Any CPU.ActiveCfg = Release|Any CPU
		{0A18E1D7-F78B-400A-A0D4-6142AF839E53}.Release|Any CPU.Build.0 = Release|Any CPU
	EndGlobalSection
	GlobalSection(SolutionProperties) = preSolution
		HideSolutionNode = FALSE
	EndGlobalSection
	GlobalSection(ExtensibilityGlobals) = postSolution
		SolutionGuid = {9073B697-E719-4448-81AD-250B79985909}
	EndGlobalSection
EndGlobal
